
Microsoft Visual Studio Solution File, Format Version 12.00
Project("{FAE04EC0-301F-11D3-BF4B-00C04F79EFBC}") = "MyWebsite", "MyWebsite\MyWebsite.csproj", "{9AA3CCFB-F497-4BB3-831D-6F4647974631}"
EndProject
Global
	GlobalSection(SolutionConfigurationPlatforms) = preSolution
		Debug|Any CPU = Debug|Any CPU
		Release|Any CPU = Release|Any CPU
	EndGlobalSection
	GlobalSection(ProjectConfigurationPlatforms) = postSolution
		{9AA3CCFB-F497-4BB3-831D-6F4647974631}.Debug|Any CPU.ActiveCfg = Debug|Any CPU
		{9AA3CCFB-F497-4BB3-831D-6F4647974631}.Debug|Any CPU.Build.0 = Debug|Any CPU
		{9AA3CCFB-F497-4BB3-831D-6F4647974631}.Release|Any CPU.ActiveCfg = Release|Any CPU
		{9AA3CCFB-F497-4BB3-831D-6F4647974631}.Release|Any CPU.Build.0 = Release|Any CPU
	EndGlobalSection
EndGlobal
