
Microsoft Visual Studio Solution File, Format Version 12.00
Project("{2150E333-8FDC-42A3-9474-1A3956D46DE8}") = "Service", "Service", "{60912EF5-6061-4355-92C8-295E833C4685}"
EndProject
Project("{2150E333-8FDC-42A3-9474-1A3956D46DE8}") = "Catalog", "Catalog", "{724C1C97-1BE2-4E15-81B3-2A925CBE9656}"
EndProject
Project("{FAE04EC0-301F-11D3-BF4B-00C04F79EFBC}") = "Catalog.API", "Catalog.API\Catalog.API.csproj", "{86D9F4CA-0EDD-4492-9056-1A9A30E1C600}"
EndProject
Project("{2150E333-8FDC-42A3-9474-1A3956D46DE8}") = "Basket", "Basket", "{128FF408-2CE7-4259-A40D-6EE29932D2D7}"
EndProject
Project("{FAE04EC0-301F-11D3-BF4B-00C04F79EFBC}") = "Basket.API", "Basket.API\Basket.API.csproj", "{F6B2A6FB-9CEF-4716-A3A1-6B1AD91D57C1}"
EndProject
Global
	GlobalSection(SolutionConfigurationPlatforms) = preSolution
		Debug|Any CPU = Debug|Any CPU
		Release|Any CPU = Release|Any CPU
	EndGlobalSection
	GlobalSection(NestedProjects) = preSolution
		{724C1C97-1BE2-4E15-81B3-2A925CBE9656} = {60912EF5-6061-4355-92C8-295E833C4685}
		{86D9F4CA-0EDD-4492-9056-1A9A30E1C600} = {724C1C97-1BE2-4E15-81B3-2A925CBE9656}
		{128FF408-2CE7-4259-A40D-6EE29932D2D7} = {60912EF5-6061-4355-92C8-295E833C4685}
		{F6B2A6FB-9CEF-4716-A3A1-6B1AD91D57C1} = {128FF408-2CE7-4259-A40D-6EE29932D2D7}
	EndGlobalSection
	GlobalSection(ProjectConfigurationPlatforms) = postSolution
		{86D9F4CA-0EDD-4492-9056-1A9A30E1C600}.Debug|Any CPU.ActiveCfg = Debug|Any CPU
		{86D9F4CA-0EDD-4492-9056-1A9A30E1C600}.Debug|Any CPU.Build.0 = Debug|Any CPU
		{86D9F4CA-0EDD-4492-9056-1A9A30E1C600}.Release|Any CPU.ActiveCfg = Release|Any CPU
		{86D9F4CA-0EDD-4492-9056-1A9A30E1C600}.Release|Any CPU.Build.0 = Release|Any CPU
		{F6B2A6FB-9CEF-4716-A3A1-6B1AD91D57C1}.Debug|Any CPU.ActiveCfg = Debug|Any CPU
		{F6B2A6FB-9CEF-4716-A3A1-6B1AD91D57C1}.Debug|Any CPU.Build.0 = Debug|Any CPU
		{F6B2A6FB-9CEF-4716-A3A1-6B1AD91D57C1}.Release|Any CPU.ActiveCfg = Release|Any CPU
		{F6B2A6FB-9CEF-4716-A3A1-6B1AD91D57C1}.Release|Any CPU.Build.0 = Release|Any CPU
	EndGlobalSection
EndGlobal
